
Microsoft Visual Studio Solution File, Format Version 12.00
# Visual Studio Version 17
VisualStudioVersion = 17.0.31903.59
MinimumVisualStudioVersion = 10.0.40219.1
Project("{FAE04EC0-301F-11D3-BF4B-00C04F79EFBC}") = "SharedResources", "SharedResources\SharedResources.csproj", "{7F27585F-32A7-4F8F-88A5-7D56ED2BC079}"
EndProject
Project("{FAE04EC0-301F-11D3-BF4B-00C04F79EFBC}") = "App1", "App1\App1.csproj", "{B7F8BFF3-E934-9168-DF4B-6D90D984A753}"
EndProject
Project("{FAE04EC0-301F-11D3-BF4B-00C04F79EFBC}") = "App2", "App2\App2.csproj", "{E83766B0-4500-4AA5-AB1C-46D014FCE181}"
EndProject
Global
	GlobalSection(SolutionConfigurationPlatforms) = preSolution
		Debug|Any CPU = Debug|Any CPU
		Debug|x64 = Debug|x64
		Debug|x86 = Debug|x86
		Release|Any CPU = Release|Any CPU
		Release|x64 = Release|x64
		Release|x86 = Release|x86
	EndGlobalSection
	GlobalSection(ProjectConfigurationPlatforms) = postSolution
		{7F27585F-32A7-4F8F-88A5-7D56ED2BC079}.Debug|Any CPU.ActiveCfg = Debug|Any CPU
		{7F27585F-32A7-4F8F-88A5-7D56ED2BC079}.Debug|Any CPU.Build.0 = Debug|Any CPU
		{7F27585F-32A7-4F8F-88A5-7D56ED2BC079}.Debug|x64.ActiveCfg = Debug|Any CPU
		{7F27585F-32A7-4F8F-88A5-7D56ED2BC079}.Debug|x64.Build.0 = Debug|Any CPU
		{7F27585F-32A7-4F8F-88A5-7D56ED2BC079}.Debug|x86.ActiveCfg = Debug|Any CPU
		{7F27585F-32A7-4F8F-88A5-7D56ED2BC079}.Debug|x86.Build.0 = Debug|Any CPU
		{7F27585F-32A7-4F8F-88A5-7D56ED2BC079}.Release|Any CPU.ActiveCfg = Release|Any CPU
		{7F27585F-32A7-4F8F-88A5-7D56ED2BC079}.Release|Any CPU.Build.0 = Release|Any CPU
		{7F27585F-32A7-4F8F-88A5-7D56ED2BC079}.Release|x64.ActiveCfg = Release|Any CPU
		{7F27585F-32A7-4F8F-88A5-7D56ED2BC079}.Release|x64.Build.0 = Release|Any CPU
		{7F27585F-32A7-4F8F-88A5-7D56ED2BC079}.Release|x86.ActiveCfg = Release|Any CPU
		{7F27585F-32A7-4F8F-88A5-7D56ED2BC079}.Release|x86.Build.0 = Release|Any CPU
		{B7F8BFF3-E934-9168-DF4B-6D90D984A753}.Debug|Any CPU.ActiveCfg = Debug|Any CPU
		{B7F8BFF3-E934-9168-DF4B-6D90D984A753}.Debug|Any CPU.Build.0 = Debug|Any CPU
		{B7F8BFF3-E934-9168-DF4B-6D90D984A753}.Debug|x64.ActiveCfg = Debug|Any CPU
		{B7F8BFF3-E934-9168-DF4B-6D90D984A753}.Debug|x64.Build.0 = Debug|Any CPU
		{B7F8BFF3-E934-9168-DF4B-6D90D984A753}.Debug|x86.ActiveCfg = Debug|Any CPU
		{B7F8BFF3-E934-9168-DF4B-6D90D984A753}.Debug|x86.Build.0 = Debug|Any CPU
		{B7F8BFF3-E934-9168-DF4B-6D90D984A753}.Release|Any CPU.ActiveCfg = Release|Any CPU
		{B7F8BFF3-E934-9168-DF4B-6D90D984A753}.Release|Any CPU.Build.0 = Release|Any CPU
		{B7F8BFF3-E934-9168-DF4B-6D90D984A753}.Release|x64.ActiveCfg = Release|Any CPU
		{B7F8BFF3-E934-9168-DF4B-6D90D984A753}.Release|x64.Build.0 = Release|Any CPU
		{B7F8BFF3-E934-9168-DF4B-6D90D984A753}.Release|x86.ActiveCfg = Release|Any CPU
		{B7F8BFF3-E934-9168-DF4B-6D90D984A753}.Release|x86.Build.0 = Release|Any CPU
		{E83766B0-4500-4AA5-AB1C-46D014FCE181}.Debug|Any CPU.ActiveCfg = Debug|Any CPU
		{E83766B0-4500-4AA5-AB1C-46D014FCE181}.Debug|Any CPU.Build.0 = Debug|Any CPU
		{E83766B0-4500-4AA5-AB1C-46D014FCE181}.Debug|x64.ActiveCfg = Debug|Any CPU
		{E83766B0-4500-4AA5-AB1C-46D014FCE181}.Debug|x64.Build.0 = Debug|Any CPU
		{E83766B0-4500-4AA5-AB1C-46D014FCE181}.Debug|x86.ActiveCfg = Debug|Any CPU
		{E83766B0-4500-4AA5-AB1C-46D014FCE181}.Debug|x86.Build.0 = Debug|Any CPU
		{E83766B0-4500-4AA5-AB1C-46D014FCE181}.Release|Any CPU.ActiveCfg = Release|Any CPU
		{E83766B0-4500-4AA5-AB1C-46D014FCE181}.Release|Any CPU.Build.0 = Release|Any CPU
		{E83766B0-4500-4AA5-AB1C-46D014FCE181}.Release|x64.ActiveCfg = Release|Any CPU
		{E83766B0-4500-4AA5-AB1C-46D014FCE181}.Release|x64.Build.0 = Release|Any CPU
		{E83766B0-4500-4AA5-AB1C-46D014FCE181}.Release|x86.ActiveCfg = Release|Any CPU
		{E83766B0-4500-4AA5-AB1C-46D014FCE181}.Release|x86.Build.0 = Release|Any CPU
	EndGlobalSection
	GlobalSection(SolutionProperties) = preSolution
		HideSolutionNode = FALSE
	EndGlobalSection
	GlobalSection(ExtensibilityGlobals) = postSolution
		SolutionGuid = {15413E34-F0D1-46CC-A6FC-2508E1F30466}
	EndGlobalSection
EndGlobal
